
Microsoft Visual Studio Solution File, Format Version 12.00
# Visual Studio Version 16
VisualStudioVersion = 16.0.29306.81
MinimumVisualStudioVersion = 10.0.40219.1
Project("{FAE04EC0-301F-11D3-BF4B-00C04F79EFBC}") = "HEM REST Server", "HEM REST Server\HEM REST Server.csproj", "{06B22568-7D37-448D-BAEA-EF9D1D3FF811}"
EndProject
Global
	GlobalSection(SolutionConfigurationPlatforms) = preSolution
		Debug|Any CPU = Debug|Any CPU
		Release|Any CPU = Release|Any CPU
	EndGlobalSection
	GlobalSection(ProjectConfigurationPlatforms) = postSolution
		{06B22568-7D37-448D-BAEA-EF9D1D3FF811}.Debug|Any CPU.ActiveCfg = Debug|Any CPU
		{06B22568-7D37-448D-BAEA-EF9D1D3FF811}.Debug|Any CPU.Build.0 = Debug|Any CPU
		{06B22568-7D37-448D-BAEA-EF9D1D3FF811}.Release|Any CPU.ActiveCfg = Release|Any CPU
		{06B22568-7D37-448D-BAEA-EF9D1D3FF811}.Release|Any CPU.Build.0 = Release|Any CPU
	EndGlobalSection
	GlobalSection(SolutionProperties) = preSolution
		HideSolutionNode = FALSE
	EndGlobalSection
	GlobalSection(ExtensibilityGlobals) = postSolution
		SolutionGuid = {E8B62062-BB77-4657-B7A4-290EA095C326}
	EndGlobalSection
EndGlobal
